// !$*UTF8*$!
{
	archiveVersion = 1;
	classes = {
	};
	objectVersion = 55;
	objects = {

/* Begin PBXBuildFile section */
		D9DE0C25282D48E800C7966E /* AllTheRecipesApp.swift in Sources */ = {isa = PBXBuildFile; fileRef = D9DE0C24282D48E800C7966E /* AllTheRecipesApp.swift */; };
		D9DE0C27282D48E800C7966E /* ContentView.swift in Sources */ = {isa = PBXBuildFile; fileRef = D9DE0C26282D48E800C7966E /* ContentView.swift */; };
		D9DE0C29282D48EB00C7966E /* Assets.xcassets in Resources */ = {isa = PBXBuildFile; fileRef = D9DE0C28282D48EB00C7966E /* Assets.xcassets */; };
		D9DE0C2C282D48EB00C7966E /* Preview Assets.xcassets in Resources */ = {isa = PBXBuildFile; fileRef = D9DE0C2B282D48EB00C7966E /* Preview Assets.xcassets */; };
		D9DE0C37282D4D1D00C7966E /* RecipeCategory.swift in Sources */ = {isa = PBXBuildFile; fileRef = D9DE0C36282D4D1D00C7966E /* RecipeCategory.swift */; };
		D9DE0C3A282D4F0800C7966E /* RecipeEndpoint.swift in Sources */ = {isa = PBXBuildFile; fileRef = D9DE0C39282D4F0800C7966E /* RecipeEndpoint.swift */; };
		D9DE0C3D282E828500C7966E /* ApiError.swift in Sources */ = {isa = PBXBuildFile; fileRef = D9DE0C3C282E828500C7966E /* ApiError.swift */; };
		D9DE0C3F282E9E9B00C7966E /* RecipeService.swift in Sources */ = {isa = PBXBuildFile; fileRef = D9DE0C3E282E9E9B00C7966E /* RecipeService.swift */; };
		D9DE0C41282E9FAF00C7966E /* Recipe.swift in Sources */ = {isa = PBXBuildFile; fileRef = D9DE0C40282E9FAF00C7966E /* Recipe.swift */; };
/* End PBXBuildFile section */

/* Begin PBXFileReference section */
		D9DE0C21282D48E800C7966E /* AllTheRecipes.app */ = {isa = PBXFileReference; explicitFileType = wrapper.application; includeInIndex = 0; path = AllTheRecipes.app; sourceTree = BUILT_PRODUCTS_DIR; };
		D9DE0C24282D48E800C7966E /* AllTheRecipesApp.swift */ = {isa = PBXFileReference; lastKnownFileType = sourcecode.swift; path = AllTheRecipesApp.swift; sourceTree = "<group>"; };
		D9DE0C26282D48E800C7966E /* ContentView.swift */ = {isa = PBXFileReference; lastKnownFileType = sourcecode.swift; path = ContentView.swift; sourceTree = "<group>"; };
		D9DE0C28282D48EB00C7966E /* Assets.xcassets */ = {isa = PBXFileReference; lastKnownFileType = folder.assetcatalog; path = Assets.xcassets; sourceTree = "<group>"; };
		D9DE0C2B282D48EB00C7966E /* Preview Assets.xcassets */ = {isa = PBXFileReference; lastKnownFileType = folder.assetcatalog; path = "Preview Assets.xcassets"; sourceTree = "<group>"; };
		D9DE0C36282D4D1D00C7966E /* RecipeCategory.swift */ = {isa = PBXFileReference; lastKnownFileType = sourcecode.swift; path = RecipeCategory.swift; sourceTree = "<group>"; };
		D9DE0C39282D4F0800C7966E /* RecipeEndpoint.swift */ = {isa = PBXFileReference; lastKnownFileType = sourcecode.swift; path = RecipeEndpoint.swift; sourceTree = "<group>"; };
		D9DE0C3C282E828500C7966E /* ApiError.swift */ = {isa = PBXFileReference; lastKnownFileType = sourcecode.swift; path = ApiError.swift; sourceTree = "<group>"; };
		D9DE0C3E282E9E9B00C7966E /* RecipeService.swift */ = {isa = PBXFileReference; lastKnownFileType = sourcecode.swift; path = RecipeService.swift; sourceTree = "<group>"; };
		D9DE0C40282E9FAF00C7966E /* Recipe.swift */ = {isa = PBXFileReference; lastKnownFileType = sourcecode.swift; path = Recipe.swift; sourceTree = "<group>"; };
/* End PBXFileReference section */

/* Begin PBXFrameworksBuildPhase section */
		D9DE0C1E282D48E800C7966E /* Frameworks */ = {
			isa = PBXFrameworksBuildPhase;
			buildActionMask = 2147483647;
			files = (
			);
			runOnlyForDeploymentPostprocessing = 0;
		};
/* End PBXFrameworksBuildPhase section */

/* Begin PBXGroup section */
		D9DE0C18282D48E700C7966E = {
			isa = PBXGroup;
			children = (
				D9DE0C23282D48E800C7966E /* AllTheRecipes */,
				D9DE0C22282D48E800C7966E /* Products */,
			);
			sourceTree = "<group>";
		};
		D9DE0C22282D48E800C7966E /* Products */ = {
			isa = PBXGroup;
			children = (
				D9DE0C21282D48E800C7966E /* AllTheRecipes.app */,
			);
			name = Products;
			sourceTree = "<group>";
		};
		D9DE0C23282D48E800C7966E /* AllTheRecipes */ = {
			isa = PBXGroup;
			children = (
				D9DE0C3B282E826C00C7966E /* Error */,
				D9DE0C38282D4EE400C7966E /* Endpoint */,
				D9DE0C35282D4C3600C7966E /* Service */,
				D9DE0C34282D4C2F00C7966E /* ViewModel */,
				D9DE0C33282D4C2600C7966E /* View */,
				D9DE0C32282D4C1F00C7966E /* Model */,
				D9DE0C24282D48E800C7966E /* AllTheRecipesApp.swift */,
				D9DE0C26282D48E800C7966E /* ContentView.swift */,
				D9DE0C28282D48EB00C7966E /* Assets.xcassets */,
				D9DE0C2A282D48EB00C7966E /* Preview Content */,
			);
			path = AllTheRecipes;
			sourceTree = "<group>";
		};
		D9DE0C2A282D48EB00C7966E /* Preview Content */ = {
			isa = PBXGroup;
			children = (
				D9DE0C2B282D48EB00C7966E /* Preview Assets.xcassets */,
			);
			path = "Preview Content";
			sourceTree = "<group>";
		};
		D9DE0C32282D4C1F00C7966E /* Model */ = {
			isa = PBXGroup;
			children = (
				D9DE0C36282D4D1D00C7966E /* RecipeCategory.swift */,
				D9DE0C40282E9FAF00C7966E /* Recipe.swift */,
			);
			path = Model;
			sourceTree = "<group>";
		};
		D9DE0C33282D4C2600C7966E /* View */ = {
			isa = PBXGroup;
			children = (
			);
			path = View;
			sourceTree = "<group>";
		};
		D9DE0C34282D4C2F00C7966E /* ViewModel */ = {
			isa = PBXGroup;
			children = (
			);
			path = ViewModel;
			sourceTree = "<group>";
		};
		D9DE0C35282D4C3600C7966E /* Service */ = {
			isa = PBXGroup;
			children = (
				D9DE0C3E282E9E9B00C7966E /* RecipeService.swift */,
			);
			path = Service;
			sourceTree = "<group>";
		};
		D9DE0C38282D4EE400C7966E /* Endpoint */ = {
			isa = PBXGroup;
			children = (
				D9DE0C39282D4F0800C7966E /* RecipeEndpoint.swift */,
			);
			path = Endpoint;
			sourceTree = "<group>";
		};
		D9DE0C3B282E826C00C7966E /* Error */ = {
			isa = PBXGroup;
			children = (
				D9DE0C3C282E828500C7966E /* ApiError.swift */,
			);
			path = Error;
			sourceTree = "<group>";
		};
/* End PBXGroup section */

/* Begin PBXNativeTarget section */
		D9DE0C20282D48E800C7966E /* AllTheRecipes */ = {
			isa = PBXNativeTarget;
			buildConfigurationList = D9DE0C2F282D48EB00C7966E /* Build configuration list for PBXNativeTarget "AllTheRecipes" */;
			buildPhases = (
				D9DE0C1D282D48E800C7966E /* Sources */,
				D9DE0C1E282D48E800C7966E /* Frameworks */,
				D9DE0C1F282D48E800C7966E /* Resources */,
			);
			buildRules = (
			);
			dependencies = (
			);
			name = AllTheRecipes;
			productName = AllTheRecipes;
			productReference = D9DE0C21282D48E800C7966E /* AllTheRecipes.app */;
			productType = "com.apple.product-type.application";
		};
/* End PBXNativeTarget section */

/* Begin PBXProject section */
		D9DE0C19282D48E700C7966E /* Project object */ = {
			isa = PBXProject;
			attributes = {
				BuildIndependentTargetsInParallel = 1;
				LastSwiftUpdateCheck = 1330;
				LastUpgradeCheck = 1330;
				TargetAttributes = {
					D9DE0C20282D48E800C7966E = {
						CreatedOnToolsVersion = 13.3.1;
					};
				};
			};
			buildConfigurationList = D9DE0C1C282D48E700C7966E /* Build configuration list for PBXProject "AllTheRecipes" */;
			compatibilityVersion = "Xcode 13.0";
			developmentRegion = en;
			hasScannedForEncodings = 0;
			knownRegions = (
				en,
				Base,
			);
			mainGroup = D9DE0C18282D48E700C7966E;
			productRefGroup = D9DE0C22282D48E800C7966E /* Products */;
			projectDirPath = "";
			projectRoot = "";
			targets = (
				D9DE0C20282D48E800C7966E /* AllTheRecipes */,
			);
		};
/* End PBXProject section */

/* Begin PBXResourcesBuildPhase section */
		D9DE0C1F282D48E800C7966E /* Resources */ = {
			isa = PBXResourcesBuildPhase;
			buildActionMask = 2147483647;
			files = (
				D9DE0C2C282D48EB00C7966E /* Preview Assets.xcassets in Resources */,
				D9DE0C29282D48EB00C7966E /* Assets.xcassets in Resources */,
			);
			runOnlyForDeploymentPostprocessing = 0;
		};
/* End PBXResourcesBuildPhase section */

/* Begin PBXSourcesBuildPhase section */
		D9DE0C1D282D48E800C7966E /* Sources */ = {
			isa = PBXSourcesBuildPhase;
			buildActionMask = 2147483647;
			files = (
				D9DE0C3A282D4F0800C7966E /* RecipeEndpoint.swift in Sources */,
				D9DE0C3F282E9E9B00C7966E /* RecipeService.swift in Sources */,
				D9DE0C41282E9FAF00C7966E /* Recipe.swift in Sources */,
				D9DE0C27282D48E800C7966E /* ContentView.swift in Sources */,
				D9DE0C25282D48E800C7966E /* AllTheRecipesApp.swift in Sources */,
				D9DE0C3D282E828500C7966E /* ApiError.swift in Sources */,
				D9DE0C37282D4D1D00C7966E /* RecipeCategory.swift in Sources */,
			);
			runOnlyForDeploymentPostprocessing = 0;
		};
/* End PBXSourcesBuildPhase section */

/* Begin XCBuildConfiguration section */
		D9DE0C2D282D48EB00C7966E /* Debug */ = {
			isa = XCBuildConfiguration;
			buildSettings = {
				ALWAYS_SEARCH_USER_PATHS = NO;
				CLANG_ANALYZER_NONNULL = YES;
				CLANG_ANALYZER_NUMBER_OBJECT_CONVERSION = YES_AGGRESSIVE;
				CLANG_CXX_LANGUAGE_STANDARD = "gnu++17";
				CLANG_ENABLE_MODULES = YES;
				CLANG_ENABLE_OBJC_ARC = YES;
				CLANG_ENABLE_OBJC_WEAK = YES;
				CLANG_WARN_BLOCK_CAPTURE_AUTORELEASING = YES;
				CLANG_WARN_BOOL_CONVERSION = YES;
				CLANG_WARN_COMMA = YES;
				CLANG_WARN_CONSTANT_CONVERSION = YES;
				CLANG_WARN_DEPRECATED_OBJC_IMPLEMENTATIONS = YES;
				CLANG_WARN_DIRECT_OBJC_ISA_USAGE = YES_ERROR;
				CLANG_WARN_DOCUMENTATION_COMMENTS = YES;
				CLANG_WARN_EMPTY_BODY = YES;
				CLANG_WARN_ENUM_CONVERSION = YES;
				CLANG_WARN_INFINITE_RECURSION = YES;
				CLANG_WARN_INT_CONVERSION = YES;
				CLANG_WARN_NON_LITERAL_NULL_CONVERSION = YES;
				CLANG_WARN_OBJC_IMPLICIT_RETAIN_SELF = YES;
				CLANG_WARN_OBJC_LITERAL_CONVERSION = YES;
				CLANG_WARN_OBJC_ROOT_CLASS = YES_ERROR;
				CLANG_WARN_QUOTED_INCLUDE_IN_FRAMEWORK_HEADER = YES;
				CLANG_WARN_RANGE_LOOP_ANALYSIS = YES;
				CLANG_WARN_STRICT_PROTOTYPES = YES;
				CLANG_WARN_SUSPICIOUS_MOVE = YES;
				CLANG_WARN_UNGUARDED_AVAILABILITY = YES_AGGRESSIVE;
				CLANG_WARN_UNREACHABLE_CODE = YES;
				CLANG_WARN__DUPLICATE_METHOD_MATCH = YES;
				COPY_PHASE_STRIP = NO;
				DEBUG_INFORMATION_FORMAT = dwarf;
				ENABLE_STRICT_OBJC_MSGSEND = YES;
				ENABLE_TESTABILITY = YES;
				GCC_C_LANGUAGE_STANDARD = gnu11;
				GCC_DYNAMIC_NO_PIC = NO;
				GCC_NO_COMMON_BLOCKS = YES;
				GCC_OPTIMIZATION_LEVEL = 0;
				GCC_PREPROCESSOR_DEFINITIONS = (
					"DEBUG=1",
					"$(inherited)",
				);
				GCC_WARN_64_TO_32_BIT_CONVERSION = YES;
				GCC_WARN_ABOUT_RETURN_TYPE = YES_ERROR;
				GCC_WARN_UNDECLARED_SELECTOR = YES;
				GCC_WARN_UNINITIALIZED_AUTOS = YES_AGGRESSIVE;
				GCC_WARN_UNUSED_FUNCTION = YES;
				GCC_WARN_UNUSED_VARIABLE = YES;
				IPHONEOS_DEPLOYMENT_TARGET = 15.4;
				MTL_ENABLE_DEBUG_INFO = INCLUDE_SOURCE;
				MTL_FAST_MATH = YES;
				ONLY_ACTIVE_ARCH = YES;
				SDKROOT = iphoneos;
				SWIFT_ACTIVE_COMPILATION_CONDITIONS = DEBUG;
				SWIFT_OPTIMIZATION_LEVEL = "-Onone";
			};
			name = Debug;
		};
		D9DE0C2E282D48EB00C7966E /* Release */ = {
			isa = XCBuildConfiguration;
			buildSettings = {
				ALWAYS_SEARCH_USER_PATHS = NO;
				CLANG_ANALYZER_NONNULL = YES;
				CLANG_ANALYZER_NUMBER_OBJECT_CONVERSION = YES_AGGRESSIVE;
				CLANG_CXX_LANGUAGE_STANDARD = "gnu++17";
				CLANG_ENABLE_MODULES = YES;
				CLANG_ENABLE_OBJC_ARC = YES;
				CLANG_ENABLE_OBJC_WEAK = YES;
				CLANG_WARN_BLOCK_CAPTURE_AUTORELEASING = YES;
				CLANG_WARN_BOOL_CONVERSION = YES;
				CLANG_WARN_COMMA = YES;
				CLANG_WARN_CONSTANT_CONVERSION = YES;
				CLANG_WARN_DEPRECATED_OBJC_IMPLEMENTATIONS = YES;
				CLANG_WARN_DIRECT_OBJC_ISA_USAGE = YES_ERROR;
				CLANG_WARN_DOCUMENTATION_COMMENTS = YES;
				CLANG_WARN_EMPTY_BODY = YES;
				CLANG_WARN_ENUM_CONVERSION = YES;
				CLANG_WARN_INFINITE_RECURSION = YES;
				CLANG_WARN_INT_CONVERSION = YES;
				CLANG_WARN_NON_LITERAL_NULL_CONVERSION = YES;
				CLANG_WARN_OBJC_IMPLICIT_RETAIN_SELF = YES;
				CLANG_WARN_OBJC_LITERAL_CONVERSION = YES;
				CLANG_WARN_OBJC_ROOT_CLASS = YES_ERROR;
				CLANG_WARN_QUOTED_INCLUDE_IN_FRAMEWORK_HEADER = YES;
				CLANG_WARN_RANGE_LOOP_ANALYSIS = YES;
				CLANG_WARN_STRICT_PROTOTYPES = YES;
				CLANG_WARN_SUSPICIOUS_MOVE = YES;
				CLANG_WARN_UNGUARDED_AVAILABILITY = YES_AGGRESSIVE;
				CLANG_WARN_UNREACHABLE_CODE = YES;
				CLANG_WARN__DUPLICATE_METHOD_MATCH = YES;
				COPY_PHASE_STRIP = NO;
				DEBUG_INFORMATION_FORMAT = "dwarf-with-dsym";
				ENABLE_NS_ASSERTIONS = NO;
				ENABLE_STRICT_OBJC_MSGSEND = YES;
				GCC_C_LANGUAGE_STANDARD = gnu11;
				GCC_NO_COMMON_BLOCKS = YES;
				GCC_WARN_64_TO_32_BIT_CONVERSION = YES;
				GCC_WARN_ABOUT_RETURN_TYPE = YES_ERROR;
				GCC_WARN_UNDECLARED_SELECTOR = YES;
				GCC_WARN_UNINITIALIZED_AUTOS = YES_AGGRESSIVE;
				GCC_WARN_UNUSED_FUNCTION = YES;
				GCC_WARN_UNUSED_VARIABLE = YES;
				IPHONEOS_DEPLOYMENT_TARGET = 15.4;
				MTL_ENABLE_DEBUG_INFO = NO;
				MTL_FAST_MATH = YES;
				SDKROOT = iphoneos;
				SWIFT_COMPILATION_MODE = wholemodule;
				SWIFT_OPTIMIZATION_LEVEL = "-O";
				VALIDATE_PRODUCT = YES;
			};
			name = Release;
		};
		D9DE0C30282D48EB00C7966E /* Debug */ = {
			isa = XCBuildConfiguration;
			buildSettings = {
				ASSETCATALOG_COMPILER_APPICON_NAME = AppIcon;
				ASSETCATALOG_COMPILER_GLOBAL_ACCENT_COLOR_NAME = AccentColor;
				CODE_SIGN_STYLE = Automatic;
				CURRENT_PROJECT_VERSION = 1;
				DEVELOPMENT_ASSET_PATHS = "\"AllTheRecipes/Preview Content\"";
				DEVELOPMENT_TEAM = R2A4X95M7N;
				ENABLE_PREVIEWS = YES;
				GENERATE_INFOPLIST_FILE = YES;
				INFOPLIST_KEY_UIApplicationSceneManifest_Generation = YES;
				INFOPLIST_KEY_UIApplicationSupportsIndirectInputEvents = YES;
				INFOPLIST_KEY_UILaunchScreen_Generation = YES;
				INFOPLIST_KEY_UISupportedInterfaceOrientations_iPad = "UIInterfaceOrientationPortrait UIInterfaceOrientationPortraitUpsideDown UIInterfaceOrientationLandscapeLeft UIInterfaceOrientationLandscapeRight";
				INFOPLIST_KEY_UISupportedInterfaceOrientations_iPhone = "UIInterfaceOrientationPortrait UIInterfaceOrientationLandscapeLeft UIInterfaceOrientationLandscapeRight";
				LD_RUNPATH_SEARCH_PATHS = (
					"$(inherited)",
					"@executable_path/Frameworks",
				);
				MARKETING_VERSION = 1.0;
				PRODUCT_BUNDLE_IDENTIFIER = jisu.project.AllTheRecipes;
				PRODUCT_NAME = "$(TARGET_NAME)";
				SWIFT_EMIT_LOC_STRINGS = YES;
				SWIFT_VERSION = 5.0;
				TARGETED_DEVICE_FAMILY = "1,2";
			};
			name = Debug;
		};
		D9DE0C31282D48EB00C7966E /* Release */ = {
			isa = XCBuildConfiguration;
			buildSettings = {
				ASSETCATALOG_COMPILER_APPICON_NAME = AppIcon;
				ASSETCATALOG_COMPILER_GLOBAL_ACCENT_COLOR_NAME = AccentColor;
				CODE_SIGN_STYLE = Automatic;
				CURRENT_PROJECT_VERSION = 1;
				DEVELOPMENT_ASSET_PATHS = "\"AllTheRecipes/Preview Content\"";
				DEVELOPMENT_TEAM = R2A4X95M7N;
				ENABLE_PREVIEWS = YES;
				GENERATE_INFOPLIST_FILE = YES;
				INFOPLIST_KEY_UIApplicationSceneManifest_Generation = YES;
				INFOPLIST_KEY_UIApplicationSupportsIndirectInputEvents = YES;
				INFOPLIST_KEY_UILaunchScreen_Generation = YES;
				INFOPLIST_KEY_UISupportedInterfaceOrientations_iPad = "UIInterfaceOrientationPortrait UIInterfaceOrientationPortraitUpsideDown UIInterfaceOrientationLandscapeLeft UIInterfaceOrientationLandscapeRight";
				INFOPLIST_KEY_UISupportedInterfaceOrientations_iPhone = "UIInterfaceOrientationPortrait UIInterfaceOrientationLandscapeLeft UIInterfaceOrientationLandscapeRight";
				LD_RUNPATH_SEARCH_PATHS = (
					"$(inherited)",
					"@executable_path/Frameworks",
				);
				MARKETING_VERSION = 1.0;
				PRODUCT_BUNDLE_IDENTIFIER = jisu.project.AllTheRecipes;
				PRODUCT_NAME = "$(TARGET_NAME)";
				SWIFT_EMIT_LOC_STRINGS = YES;
				SWIFT_VERSION = 5.0;
				TARGETED_DEVICE_FAMILY = "1,2";
			};
			name = Release;
		};
/* End XCBuildConfiguration section */

/* Begin XCConfigurationList section */
		D9DE0C1C282D48E700C7966E /* Build configuration list for PBXProject "AllTheRecipes" */ = {
			isa = XCConfigurationList;
			buildConfigurations = (
				D9DE0C2D282D48EB00C7966E /* Debug */,
				D9DE0C2E282D48EB00C7966E /* Release */,
			);
			defaultConfigurationIsVisible = 0;
			defaultConfigurationName = Release;
		};
		D9DE0C2F282D48EB00C7966E /* Build configuration list for PBXNativeTarget "AllTheRecipes" */ = {
			isa = XCConfigurationList;
			buildConfigurations = (
				D9DE0C30282D48EB00C7966E /* Debug */,
				D9DE0C31282D48EB00C7966E /* Release */,
			);
			defaultConfigurationIsVisible = 0;
			defaultConfigurationName = Release;
		};
/* End XCConfigurationList section */
	};
	rootObject = D9DE0C19282D48E700C7966E /* Project object */;
}
